
Microsoft Visual Studio Solution File, Format Version 12.00
# Visual Studio 15
VisualStudioVersion = 15.0.28307.539
MinimumVisualStudioVersion = 10.0.40219.1
Project("{FAE04EC0-301F-11D3-BF4B-00C04F79EFBC}") = "CompliXpertApp.Android", "CompliXpertApp\CompliXpertApp.Android\CompliXpertApp.Android.csproj", "{9E97BD35-AFC2-49AB-A9D7-B4C68E358542}"
EndProject
Project("{FAE04EC0-301F-11D3-BF4B-00C04F79EFBC}") = "CompliXpertApp.iOS", "CompliXpertApp\CompliXpertApp.iOS\CompliXpertApp.iOS.csproj", "{C5ED8B89-28D5-4709-A272-0749648EC6AA}"
EndProject
Project("{9A19103F-16F7-4668-BE54-9A1E7A4F7556}") = "CompliXpertApp", "CompliXpertApp\CompliXpertApp\CompliXpertApp.csproj", "{CE7D4B5A-789A-4151-9DEC-A7F434BFA090}"
EndProject
Global
	GlobalSection(SolutionConfigurationPlatforms) = preSolution
		Ad-Hoc|Any CPU = Ad-Hoc|Any CPU
		Ad-Hoc|iPhone = Ad-Hoc|iPhone
		Ad-Hoc|iPhoneSimulator = Ad-Hoc|iPhoneSimulator
		AppStore|Any CPU = AppStore|Any CPU
		AppStore|iPhone = AppStore|iPhone
		AppStore|iPhoneSimulator = AppStore|iPhoneSimulator
		Debug|Any CPU = Debug|Any CPU
		Debug|iPhone = Debug|iPhone
		Debug|iPhoneSimulator = Debug|iPhoneSimulator
		Release|Any CPU = Release|Any CPU
		Release|iPhone = Release|iPhone
		Release|iPhoneSimulator = Release|iPhoneSimulator
	EndGlobalSection
	GlobalSection(ProjectConfigurationPlatforms) = postSolution
		{9E97BD35-AFC2-49AB-A9D7-B4C68E358542}.Ad-Hoc|Any CPU.ActiveCfg = Release|Any CPU
		{9E97BD35-AFC2-49AB-A9D7-B4C68E358542}.Ad-Hoc|Any CPU.Build.0 = Release|Any CPU
		{9E97BD35-AFC2-49AB-A9D7-B4C68E358542}.Ad-Hoc|Any CPU.Deploy.0 = Release|Any CPU
		{9E97BD35-AFC2-49AB-A9D7-B4C68E358542}.Ad-Hoc|iPhone.ActiveCfg = Release|Any CPU
		{9E97BD35-AFC2-49AB-A9D7-B4C68E358542}.Ad-Hoc|iPhone.Build.0 = Release|Any CPU
		{9E97BD35-AFC2-49AB-A9D7-B4C68E358542}.Ad-Hoc|iPhone.Deploy.0 = Release|Any CPU
		{9E97BD35-AFC2-49AB-A9D7-B4C68E358542}.Ad-Hoc|iPhoneSimulator.ActiveCfg = Release|Any CPU
		{9E97BD35-AFC2-49AB-A9D7-B4C68E358542}.Ad-Hoc|iPhoneSimulator.Build.0 = Release|Any CPU
		{9E97BD35-AFC2-49AB-A9D7-B4C68E358542}.Ad-Hoc|iPhoneSimulator.Deploy.0 = Release|Any CPU
		{9E97BD35-AFC2-49AB-A9D7-B4C68E358542}.AppStore|Any CPU.ActiveCfg = Release|Any CPU
		{9E97BD35-AFC2-49AB-A9D7-B4C68E358542}.AppStore|Any CPU.Build.0 = Release|Any CPU
		{9E97BD35-AFC2-49AB-A9D7-B4C68E358542}.AppStore|Any CPU.Deploy.0 = Release|Any CPU
		{9E97BD35-AFC2-49AB-A9D7-B4C68E358542}.AppStore|iPhone.ActiveCfg = Release|Any CPU
		{9E97BD35-AFC2-49AB-A9D7-B4C68E358542}.AppStore|iPhone.Build.0 = Release|Any CPU
		{9E97BD35-AFC2-49AB-A9D7-B4C68E358542}.AppStore|iPhone.Deploy.0 = Release|Any CPU
		{9E97BD35-AFC2-49AB-A9D7-B4C68E358542}.AppStore|iPhoneSimulator.ActiveCfg = Release|Any CPU
		{9E97BD35-AFC2-49AB-A9D7-B4C68E358542}.AppStore|iPhoneSimulator.Build.0 = Release|Any CPU
		{9E97BD35-AFC2-49AB-A9D7-B4C68E358542}.AppStore|iPhoneSimulator.Deploy.0 = Release|Any CPU
		{9E97BD35-AFC2-49AB-A9D7-B4C68E358542}.Debug|Any CPU.ActiveCfg = Debug|Any CPU
		{9E97BD35-AFC2-49AB-A9D7-B4C68E358542}.Debug|Any CPU.Build.0 = Debug|Any CPU
		{9E97BD35-AFC2-49AB-A9D7-B4C68E358542}.Debug|Any CPU.Deploy.0 = Debug|Any CPU
		{9E97BD35-AFC2-49AB-A9D7-B4C68E358542}.Debug|iPhone.ActiveCfg = Debug|Any CPU
		{9E97BD35-AFC2-49AB-A9D7-B4C68E358542}.Debug|iPhone.Build.0 = Debug|Any CPU
		{9E97BD35-AFC2-49AB-A9D7-B4C68E358542}.Debug|iPhone.Deploy.0 = Debug|Any CPU
		{9E97BD35-AFC2-49AB-A9D7-B4C68E358542}.Debug|iPhoneSimulator.ActiveCfg = Debug|Any CPU
		{9E97BD35-AFC2-49AB-A9D7-B4C68E358542}.Debug|iPhoneSimulator.Build.0 = Debug|Any CPU
		{9E97BD35-AFC2-49AB-A9D7-B4C68E358542}.Debug|iPhoneSimulator.Deploy.0 = Debug|Any CPU
		{9E97BD35-AFC2-49AB-A9D7-B4C68E358542}.Release|Any CPU.ActiveCfg = Release|Any CPU
		{9E97BD35-AFC2-49AB-A9D7-B4C68E358542}.Release|Any CPU.Build.0 = Release|Any CPU
		{9E97BD35-AFC2-49AB-A9D7-B4C68E358542}.Release|Any CPU.Deploy.0 = Release|Any CPU
		{9E97BD35-AFC2-49AB-A9D7-B4C68E358542}.Release|iPhone.ActiveCfg = Release|Any CPU
		{9E97BD35-AFC2-49AB-A9D7-B4C68E358542}.Release|iPhone.Build.0 = Release|Any CPU
		{9E97BD35-AFC2-49AB-A9D7-B4C68E358542}.Release|iPhone.Deploy.0 = Release|Any CPU
		{9E97BD35-AFC2-49AB-A9D7-B4C68E358542}.Release|iPhoneSimulator.ActiveCfg = Release|Any CPU
		{9E97BD35-AFC2-49AB-A9D7-B4C68E358542}.Release|iPhoneSimulator.Build.0 = Release|Any CPU
		{9E97BD35-AFC2-49AB-A9D7-B4C68E358542}.Release|iPhoneSimulator.Deploy.0 = Release|Any CPU
		{C5ED8B89-28D5-4709-A272-0749648EC6AA}.Ad-Hoc|Any CPU.ActiveCfg = Ad-Hoc|iPhone
		{C5ED8B89-28D5-4709-A272-0749648EC6AA}.Ad-Hoc|Any CPU.Build.0 = Ad-Hoc|iPhone
		{C5ED8B89-28D5-4709-A272-0749648EC6AA}.Ad-Hoc|Any CPU.Deploy.0 = Ad-Hoc|iPhone
		{C5ED8B89-28D5-4709-A272-0749648EC6AA}.Ad-Hoc|iPhone.ActiveCfg = Ad-Hoc|iPhone
		{C5ED8B89-28D5-4709-A272-0749648EC6AA}.Ad-Hoc|iPhone.Build.0 = Ad-Hoc|iPhone
		{C5ED8B89-28D5-4709-A272-0749648EC6AA}.Ad-Hoc|iPhone.Deploy.0 = Ad-Hoc|iPhone
		{C5ED8B89-28D5-4709-A272-0749648EC6AA}.Ad-Hoc|iPhoneSimulator.ActiveCfg = Ad-Hoc|iPhoneSimulator
		{C5ED8B89-28D5-4709-A272-0749648EC6AA}.Ad-Hoc|iPhoneSimulator.Build.0 = Ad-Hoc|iPhoneSimulator
		{C5ED8B89-28D5-4709-A272-0749648EC6AA}.Ad-Hoc|iPhoneSimulator.Deploy.0 = Ad-Hoc|iPhoneSimulator
		{C5ED8B89-28D5-4709-A272-0749648EC6AA}.AppStore|Any CPU.ActiveCfg = AppStore|iPhone
		{C5ED8B89-28D5-4709-A272-0749648EC6AA}.AppStore|Any CPU.Build.0 = AppStore|iPhone
		{C5ED8B89-28D5-4709-A272-0749648EC6AA}.AppStore|Any CPU.Deploy.0 = AppStore|iPhone
		{C5ED8B89-28D5-4709-A272-0749648EC6AA}.AppStore|iPhone.ActiveCfg = AppStore|iPhone
		{C5ED8B89-28D5-4709-A272-0749648EC6AA}.AppStore|iPhone.Build.0 = AppStore|iPhone
		{C5ED8B89-28D5-4709-A272-0749648EC6AA}.AppStore|iPhone.Deploy.0 = AppStore|iPhone
		{C5ED8B89-28D5-4709-A272-0749648EC6AA}.AppStore|iPhoneSimulator.ActiveCfg = AppStore|iPhoneSimulator
		{C5ED8B89-28D5-4709-A272-0749648EC6AA}.AppStore|iPhoneSimulator.Build.0 = AppStore|iPhoneSimulator
		{C5ED8B89-28D5-4709-A272-0749648EC6AA}.AppStore|iPhoneSimulator.Deploy.0 = AppStore|iPhoneSimulator
		{C5ED8B89-28D5-4709-A272-0749648EC6AA}.Debug|Any CPU.ActiveCfg = Debug|iPhoneSimulator
		{C5ED8B89-28D5-4709-A272-0749648EC6AA}.Debug|Any CPU.Build.0 = Debug|iPhoneSimulator
		{C5ED8B89-28D5-4709-A272-0749648EC6AA}.Debug|Any CPU.Deploy.0 = Debug|iPhoneSimulator
		{C5ED8B89-28D5-4709-A272-0749648EC6AA}.Debug|iPhone.ActiveCfg = Debug|iPhone
		{C5ED8B89-28D5-4709-A272-0749648EC6AA}.Debug|iPhone.Build.0 = Debug|iPhone
		{C5ED8B89-28D5-4709-A272-0749648EC6AA}.Debug|iPhone.Deploy.0 = Debug|iPhone
		{C5ED8B89-28D5-4709-A272-0749648EC6AA}.Debug|iPhoneSimulator.ActiveCfg = Debug|iPhoneSimulator
		{C5ED8B89-28D5-4709-A272-0749648EC6AA}.Debug|iPhoneSimulator.Build.0 = Debug|iPhoneSimulator
		{C5ED8B89-28D5-4709-A272-0749648EC6AA}.Debug|iPhoneSimulator.Deploy.0 = Debug|iPhoneSimulator
		{C5ED8B89-28D5-4709-A272-0749648EC6AA}.Release|Any CPU.ActiveCfg = Release|iPhone
		{C5ED8B89-28D5-4709-A272-0749648EC6AA}.Release|Any CPU.Build.0 = Release|iPhone
		{C5ED8B89-28D5-4709-A272-0749648EC6AA}.Release|Any CPU.Deploy.0 = Release|iPhone
		{C5ED8B89-28D5-4709-A272-0749648EC6AA}.Release|iPhone.ActiveCfg = Release|iPhone
		{C5ED8B89-28D5-4709-A272-0749648EC6AA}.Release|iPhone.Build.0 = Release|iPhone
		{C5ED8B89-28D5-4709-A272-0749648EC6AA}.Release|iPhone.Deploy.0 = Release|iPhone
		{C5ED8B89-28D5-4709-A272-0749648EC6AA}.Release|iPhoneSimulator.ActiveCfg = Release|iPhoneSimulator
		{C5ED8B89-28D5-4709-A272-0749648EC6AA}.Release|iPhoneSimulator.Build.0 = Release|iPhoneSimulator
		{C5ED8B89-28D5-4709-A272-0749648EC6AA}.Release|iPhoneSimulator.Deploy.0 = Release|iPhoneSimulator
		{CE7D4B5A-789A-4151-9DEC-A7F434BFA090}.Ad-Hoc|Any CPU.ActiveCfg = Debug|Any CPU
		{CE7D4B5A-789A-4151-9DEC-A7F434BFA090}.Ad-Hoc|Any CPU.Build.0 = Debug|Any CPU
		{CE7D4B5A-789A-4151-9DEC-A7F434BFA090}.Ad-Hoc|Any CPU.Deploy.0 = Debug|Any CPU
		{CE7D4B5A-789A-4151-9DEC-A7F434BFA090}.Ad-Hoc|iPhone.ActiveCfg = Debug|Any CPU
		{CE7D4B5A-789A-4151-9DEC-A7F434BFA090}.Ad-Hoc|iPhone.Build.0 = Debug|Any CPU
		{CE7D4B5A-789A-4151-9DEC-A7F434BFA090}.Ad-Hoc|iPhone.Deploy.0 = Debug|Any CPU
		{CE7D4B5A-789A-4151-9DEC-A7F434BFA090}.Ad-Hoc|iPhoneSimulator.ActiveCfg = Debug|Any CPU
		{CE7D4B5A-789A-4151-9DEC-A7F434BFA090}.Ad-Hoc|iPhoneSimulator.Build.0 = Debug|Any CPU
		{CE7D4B5A-789A-4151-9DEC-A7F434BFA090}.Ad-Hoc|iPhoneSimulator.Deploy.0 = Debug|Any CPU
		{CE7D4B5A-789A-4151-9DEC-A7F434BFA090}.AppStore|Any CPU.ActiveCfg = Debug|Any CPU
		{CE7D4B5A-789A-4151-9DEC-A7F434BFA090}.AppStore|Any CPU.Build.0 = Debug|Any CPU
		{CE7D4B5A-789A-4151-9DEC-A7F434BFA090}.AppStore|Any CPU.Deploy.0 = Debug|Any CPU
		{CE7D4B5A-789A-4151-9DEC-A7F434BFA090}.AppStore|iPhone.ActiveCfg = Debug|Any CPU
		{CE7D4B5A-789A-4151-9DEC-A7F434BFA090}.AppStore|iPhone.Build.0 = Debug|Any CPU
		{CE7D4B5A-789A-4151-9DEC-A7F434BFA090}.AppStore|iPhone.Deploy.0 = Debug|Any CPU
		{CE7D4B5A-789A-4151-9DEC-A7F434BFA090}.AppStore|iPhoneSimulator.ActiveCfg = Debug|Any CPU
		{CE7D4B5A-789A-4151-9DEC-A7F434BFA090}.AppStore|iPhoneSimulator.Build.0 = Debug|Any CPU
		{CE7D4B5A-789A-4151-9DEC-A7F434BFA090}.AppStore|iPhoneSimulator.Deploy.0 = Debug|Any CPU
		{CE7D4B5A-789A-4151-9DEC-A7F434BFA090}.Debug|Any CPU.ActiveCfg = Debug|Any CPU
		{CE7D4B5A-789A-4151-9DEC-A7F434BFA090}.Debug|Any CPU.Build.0 = Debug|Any CPU
		{CE7D4B5A-789A-4151-9DEC-A7F434BFA090}.Debug|Any CPU.Deploy.0 = Debug|Any CPU
		{CE7D4B5A-789A-4151-9DEC-A7F434BFA090}.Debug|iPhone.ActiveCfg = Debug|Any CPU
		{CE7D4B5A-789A-4151-9DEC-A7F434BFA090}.Debug|iPhone.Build.0 = Debug|Any CPU
		{CE7D4B5A-789A-4151-9DEC-A7F434BFA090}.Debug|iPhone.Deploy.0 = Debug|Any CPU
		{CE7D4B5A-789A-4151-9DEC-A7F434BFA090}.Debug|iPhoneSimulator.ActiveCfg = Debug|Any CPU
		{CE7D4B5A-789A-4151-9DEC-A7F434BFA090}.Debug|iPhoneSimulator.Build.0 = Debug|Any CPU
		{CE7D4B5A-789A-4151-9DEC-A7F434BFA090}.Debug|iPhoneSimulator.Deploy.0 = Debug|Any CPU
		{CE7D4B5A-789A-4151-9DEC-A7F434BFA090}.Release|Any CPU.ActiveCfg = Release|Any CPU
		{CE7D4B5A-789A-4151-9DEC-A7F434BFA090}.Release|Any CPU.Build.0 = Release|Any CPU
		{CE7D4B5A-789A-4151-9DEC-A7F434BFA090}.Release|Any CPU.Deploy.0 = Release|Any CPU
		{CE7D4B5A-789A-4151-9DEC-A7F434BFA090}.Release|iPhone.ActiveCfg = Release|Any CPU
		{CE7D4B5A-789A-4151-9DEC-A7F434BFA090}.Release|iPhone.Build.0 = Release|Any CPU
		{CE7D4B5A-789A-4151-9DEC-A7F434BFA090}.Release|iPhone.Deploy.0 = Release|Any CPU
		{CE7D4B5A-789A-4151-9DEC-A7F434BFA090}.Release|iPhoneSimulator.ActiveCfg = Release|Any CPU
		{CE7D4B5A-789A-4151-9DEC-A7F434BFA090}.Release|iPhoneSimulator.Build.0 = Release|Any CPU
		{CE7D4B5A-789A-4151-9DEC-A7F434BFA090}.Release|iPhoneSimulator.Deploy.0 = Release|Any CPU
	EndGlobalSection
	GlobalSection(SolutionProperties) = preSolution
		HideSolutionNode = FALSE
	EndGlobalSection
	GlobalSection(ExtensibilityGlobals) = postSolution
		SolutionGuid = {25B4258B-FF51-445C-9DF0-49F134375782}
	EndGlobalSection
EndGlobal
